{
  "requires": true,
  "lockfileVersion": 1,
  "dependencies": {
    "lodash": {
      "version": "2.4.2",
      "resolved": "https://registry.npmjs.org/lodash/-/lodash-2.4.2.tgz",
      "integrity": "sha1-+t2DS5aDBz2hebPq5tnA0VBT9z4="
    },
    "node-dice-js": {
      "version": "0.1.2",
      "resolved": "https://registry.npmjs.org/node-dice-js/-/node-dice-js-0.1.2.tgz",
      "integrity": "sha1-GolTaBoSRr9ItLz9WYS6E5DxK6E=",
      "requires": {
        "lodash": "^2.4.1"
      }
    }
  }
}
